// !$*UTF8*$!
{
	archiveVersion = 1;
	classes = {
	};
	objectVersion = 50;
	objects = {

/* Begin PBXBuildFile section */
		4AD4E58E24899D860012EBEF /* AppDelegate.swift in Sources */ = {isa = PBXBuildFile; fileRef = 4AD4E58D24899D860012EBEF /* AppDelegate.swift */; };
		4AD4E59024899D860012EBEF /* SceneDelegate.swift in Sources */ = {isa = PBXBuildFile; fileRef = 4AD4E58F24899D860012EBEF /* SceneDelegate.swift */; };
		4AD4E59224899D860012EBEF /* ViewController.swift in Sources */ = {isa = PBXBuildFile; fileRef = 4AD4E59124899D860012EBEF /* ViewController.swift */; };
		4AD4E59524899D860012EBEF /* Main.storyboard in Resources */ = {isa = PBXBuildFile; fileRef = 4AD4E59324899D860012EBEF /* Main.storyboard */; };
		4AD4E59724899D880012EBEF /* Assets.xcassets in Resources */ = {isa = PBXBuildFile; fileRef = 4AD4E59624899D880012EBEF /* Assets.xcassets */; };
		4AD4E59A24899D880012EBEF /* LaunchScreen.storyboard in Resources */ = {isa = PBXBuildFile; fileRef = 4AD4E59824899D880012EBEF /* LaunchScreen.storyboard */; };
		4AD4E5A524899D890012EBEF /* WeightTrackerTests.swift in Sources */ = {isa = PBXBuildFile; fileRef = 4AD4E5A424899D890012EBEF /* WeightTrackerTests.swift */; };
		4AD4E5B024899D890012EBEF /* WeightTrackerUITests.swift in Sources */ = {isa = PBXBuildFile; fileRef = 4AD4E5AF24899D890012EBEF /* WeightTrackerUITests.swift */; };
/* End PBXBuildFile section */

/* Begin PBXContainerItemProxy section */
		4AD4E5A124899D890012EBEF /* PBXContainerItemProxy */ = {
			isa = PBXContainerItemProxy;
			containerPortal = 4AD4E58224899D860012EBEF /* Project object */;
			proxyType = 1;
			remoteGlobalIDString = 4AD4E58924899D860012EBEF;
			remoteInfo = WeightTracker;
		};
		4AD4E5AC24899D890012EBEF /* PBXContainerItemProxy */ = {
			isa = PBXContainerItemProxy;
			containerPortal = 4AD4E58224899D860012EBEF /* Project object */;
			proxyType = 1;
			remoteGlobalIDString = 4AD4E58924899D860012EBEF;
			remoteInfo = WeightTracker;
		};
/* End PBXContainerItemProxy section */

/* Begin PBXFileReference section */
		4AD4E58A24899D860012EBEF /* WeightTracker.app */ = {isa = PBXFileReference; explicitFileType = wrapper.application; includeInIndex = 0; path = WeightTracker.app; sourceTree = BUILT_PRODUCTS_DIR; };
		4AD4E58D24899D860012EBEF /* AppDelegate.swift */ = {isa = PBXFileReference; lastKnownFileType = sourcecode.swift; path = AppDelegate.swift; sourceTree = "<group>"; };
		4AD4E58F24899D860012EBEF /* SceneDelegate.swift */ = {isa = PBXFileReference; lastKnownFileType = sourcecode.swift; path = SceneDelegate.swift; sourceTree = "<group>"; };
		4AD4E59124899D860012EBEF /* ViewController.swift */ = {isa = PBXFileReference; lastKnownFileType = sourcecode.swift; path = ViewController.swift; sourceTree = "<group>"; };
		4AD4E59424899D860012EBEF /* Base */ = {isa = PBXFileReference; lastKnownFileType = file.storyboard; name = Base; path = Base.lproj/Main.storyboard; sourceTree = "<group>"; };
		4AD4E59624899D880012EBEF /* Assets.xcassets */ = {isa = PBXFileReference; lastKnownFileType = folder.assetcatalog; path = Assets.xcassets; sourceTree = "<group>"; };
		4AD4E59924899D880012EBEF /* Base */ = {isa = PBXFileReference; lastKnownFileType = file.storyboard; name = Base; path = Base.lproj/LaunchScreen.storyboard; sourceTree = "<group>"; };
		4AD4E59B24899D880012EBEF /* Info.plist */ = {isa = PBXFileReference; lastKnownFileType = text.plist.xml; path = Info.plist; sourceTree = "<group>"; };
		4AD4E5A024899D890012EBEF /* WeightTrackerTests.xctest */ = {isa = PBXFileReference; explicitFileType = wrapper.cfbundle; includeInIndex = 0; path = WeightTrackerTests.xctest; sourceTree = BUILT_PRODUCTS_DIR; };
		4AD4E5A424899D890012EBEF /* WeightTrackerTests.swift */ = {isa = PBXFileReference; lastKnownFileType = sourcecode.swift; path = WeightTrackerTests.swift; sourceTree = "<group>"; };
		4AD4E5A624899D890012EBEF /* Info.plist */ = {isa = PBXFileReference; lastKnownFileType = text.plist.xml; path = Info.plist; sourceTree = "<group>"; };
		4AD4E5AB24899D890012EBEF /* WeightTrackerUITests.xctest */ = {isa = PBXFileReference; explicitFileType = wrapper.cfbundle; includeInIndex = 0; path = WeightTrackerUITests.xctest; sourceTree = BUILT_PRODUCTS_DIR; };
		4AD4E5AF24899D890012EBEF /* WeightTrackerUITests.swift */ = {isa = PBXFileReference; lastKnownFileType = sourcecode.swift; path = WeightTrackerUITests.swift; sourceTree = "<group>"; };
		4AD4E5B124899D890012EBEF /* Info.plist */ = {isa = PBXFileReference; lastKnownFileType = text.plist.xml; path = Info.plist; sourceTree = "<group>"; };
/* End PBXFileReference section */

/* Begin PBXFrameworksBuildPhase section */
		4AD4E58724899D860012EBEF /* Frameworks */ = {
			isa = PBXFrameworksBuildPhase;
			buildActionMask = 2147483647;
			files = (
			);
			runOnlyForDeploymentPostprocessing = 0;
		};
		4AD4E59D24899D890012EBEF /* Frameworks */ = {
			isa = PBXFrameworksBuildPhase;
			buildActionMask = 2147483647;
			files = (
			);
			runOnlyForDeploymentPostprocessing = 0;
		};
		4AD4E5A824899D890012EBEF /* Frameworks */ = {
			isa = PBXFrameworksBuildPhase;
			buildActionMask = 2147483647;
			files = (
			);
			runOnlyForDeploymentPostprocessing = 0;
		};
/* End PBXFrameworksBuildPhase section */

/* Begin PBXGroup section */
		4AD4E58124899D860012EBEF = {
			isa = PBXGroup;
			children = (
				4AD4E58C24899D860012EBEF /* WeightTracker */,
				4AD4E5A324899D890012EBEF /* WeightTrackerTests */,
				4AD4E5AE24899D890012EBEF /* WeightTrackerUITests */,
				4AD4E58B24899D860012EBEF /* Products */,
			);
			sourceTree = "<group>";
		};
		4AD4E58B24899D860012EBEF /* Products */ = {
			isa = PBXGroup;
			children = (
				4AD4E58A24899D860012EBEF /* WeightTracker.app */,
				4AD4E5A024899D890012EBEF /* WeightTrackerTests.xctest */,
				4AD4E5AB24899D890012EBEF /* WeightTrackerUITests.xctest */,
			);
			name = Products;
			sourceTree = "<group>";
		};
		4AD4E58C24899D860012EBEF /* WeightTracker */ = {
			isa = PBXGroup;
			children = (
				4AD4E58D24899D860012EBEF /* AppDelegate.swift */,
				4AD4E58F24899D860012EBEF /* SceneDelegate.swift */,
				4AD4E59124899D860012EBEF /* ViewController.swift */,
				4AD4E59324899D860012EBEF /* Main.storyboard */,
				4AD4E59624899D880012EBEF /* Assets.xcassets */,
				4AD4E59824899D880012EBEF /* LaunchScreen.storyboard */,
				4AD4E59B24899D880012EBEF /* Info.plist */,
			);
			path = WeightTracker;
			sourceTree = "<group>";
		};
		4AD4E5A324899D890012EBEF /* WeightTrackerTests */ = {
			isa = PBXGroup;
			children = (
				4AD4E5A424899D890012EBEF /* WeightTrackerTests.swift */,
				4AD4E5A624899D890012EBEF /* Info.plist */,
			);
			path = WeightTrackerTests;
			sourceTree = "<group>";
		};
		4AD4E5AE24899D890012EBEF /* WeightTrackerUITests */ = {
			isa = PBXGroup;
			children = (
				4AD4E5AF24899D890012EBEF /* WeightTrackerUITests.swift */,
				4AD4E5B124899D890012EBEF /* Info.plist */,
			);
			path = WeightTrackerUITests;
			sourceTree = "<group>";
		};
/* End PBXGroup section */

/* Begin PBXNativeTarget section */
		4AD4E58924899D860012EBEF /* WeightTracker */ = {
			isa = PBXNativeTarget;
			buildConfigurationList = 4AD4E5B424899D890012EBEF /* Build configuration list for PBXNativeTarget "WeightTracker" */;
			buildPhases = (
				4AD4E58624899D860012EBEF /* Sources */,
				4AD4E58724899D860012EBEF /* Frameworks */,
				4AD4E58824899D860012EBEF /* Resources */,
			);
			buildRules = (
			);
			dependencies = (
			);
			name = WeightTracker;
			productName = WeightTracker;
			productReference = 4AD4E58A24899D860012EBEF /* WeightTracker.app */;
			productType = "com.apple.product-type.application";
		};
		4AD4E59F24899D890012EBEF /* WeightTrackerTests */ = {
			isa = PBXNativeTarget;
			buildConfigurationList = 4AD4E5B724899D890012EBEF /* Build configuration list for PBXNativeTarget "WeightTrackerTests" */;
			buildPhases = (
				4AD4E59C24899D890012EBEF /* Sources */,
				4AD4E59D24899D890012EBEF /* Frameworks */,
				4AD4E59E24899D890012EBEF /* Resources */,
			);
			buildRules = (
			);
			dependencies = (
				4AD4E5A224899D890012EBEF /* PBXTargetDependency */,
			);
			name = WeightTrackerTests;
			productName = WeightTrackerTests;
			productReference = 4AD4E5A024899D890012EBEF /* WeightTrackerTests.xctest */;
			productType = "com.apple.product-type.bundle.unit-test";
		};
		4AD4E5AA24899D890012EBEF /* WeightTrackerUITests */ = {
			isa = PBXNativeTarget;
			buildConfigurationList = 4AD4E5BA24899D890012EBEF /* Build configuration list for PBXNativeTarget "WeightTrackerUITests" */;
			buildPhases = (
				4AD4E5A724899D890012EBEF /* Sources */,
				4AD4E5A824899D890012EBEF /* Frameworks */,
				4AD4E5A924899D890012EBEF /* Resources */,
			);
			buildRules = (
			);
			dependencies = (
				4AD4E5AD24899D890012EBEF /* PBXTargetDependency */,
			);
			name = WeightTrackerUITests;
			productName = WeightTrackerUITests;
			productReference = 4AD4E5AB24899D890012EBEF /* WeightTrackerUITests.xctest */;
			productType = "com.apple.product-type.bundle.ui-testing";
		};
/* End PBXNativeTarget section */

/* Begin PBXProject section */
		4AD4E58224899D860012EBEF /* Project object */ = {
			isa = PBXProject;
			attributes = {
				LastSwiftUpdateCheck = 1140;
				LastUpgradeCheck = 1140;
				ORGANIZATIONNAME = "James Beattie";
				TargetAttributes = {
					4AD4E58924899D860012EBEF = {
						CreatedOnToolsVersion = 11.4;
					};
					4AD4E59F24899D890012EBEF = {
						CreatedOnToolsVersion = 11.4;
						TestTargetID = 4AD4E58924899D860012EBEF;
					};
					4AD4E5AA24899D890012EBEF = {
						CreatedOnToolsVersion = 11.4;
						TestTargetID = 4AD4E58924899D860012EBEF;
					};
				};
			};
			buildConfigurationList = 4AD4E58524899D860012EBEF /* Build configuration list for PBXProject "WeightTracker" */;
			compatibilityVersion = "Xcode 9.3";
			developmentRegion = en;
			hasScannedForEncodings = 0;
			knownRegions = (
				en,
				Base,
			);
			mainGroup = 4AD4E58124899D860012EBEF;
			productRefGroup = 4AD4E58B24899D860012EBEF /* Products */;
			projectDirPath = "";
			projectRoot = "";
			targets = (
				4AD4E58924899D860012EBEF /* WeightTracker */,
				4AD4E59F24899D890012EBEF /* WeightTrackerTests */,
				4AD4E5AA24899D890012EBEF /* WeightTrackerUITests */,
			);
		};
/* End PBXProject section */

/* Begin PBXResourcesBuildPhase section */
		4AD4E58824899D860012EBEF /* Resources */ = {
			isa = PBXResourcesBuildPhase;
			buildActionMask = 2147483647;
			files = (
				4AD4E59A24899D880012EBEF /* LaunchScreen.storyboard in Resources */,
				4AD4E59724899D880012EBEF /* Assets.xcassets in Resources */,
				4AD4E59524899D860012EBEF /* Main.storyboard in Resources */,
			);
			runOnlyForDeploymentPostprocessing = 0;
		};
		4AD4E59E24899D890012EBEF /* Resources */ = {
			isa = PBXResourcesBuildPhase;
			buildActionMask = 2147483647;
			files = (
			);
			runOnlyForDeploymentPostprocessing = 0;
		};
		4AD4E5A924899D890012EBEF /* Resources */ = {
			isa = PBXResourcesBuildPhase;
			buildActionMask = 2147483647;
			files = (
			);
			runOnlyForDeploymentPostprocessing = 0;
		};
/* End PBXResourcesBuildPhase section */

/* Begin PBXSourcesBuildPhase section */
		4AD4E58624899D860012EBEF /* Sources */ = {
			isa = PBXSourcesBuildPhase;
			buildActionMask = 2147483647;
			files = (
				4AD4E59224899D860012EBEF /* ViewController.swift in Sources */,
				4AD4E58E24899D860012EBEF /* AppDelegate.swift in Sources */,
				4AD4E59024899D860012EBEF /* SceneDelegate.swift in Sources */,
			);
			runOnlyForDeploymentPostprocessing = 0;
		};
		4AD4E59C24899D890012EBEF /* Sources */ = {
			isa = PBXSourcesBuildPhase;
			buildActionMask = 2147483647;
			files = (
				4AD4E5A524899D890012EBEF /* WeightTrackerTests.swift in Sources */,
			);
			runOnlyForDeploymentPostprocessing = 0;
		};
		4AD4E5A724899D890012EBEF /* Sources */ = {
			isa = PBXSourcesBuildPhase;
			buildActionMask = 2147483647;
			files = (
				4AD4E5B024899D890012EBEF /* WeightTrackerUITests.swift in Sources */,
			);
			runOnlyForDeploymentPostprocessing = 0;
		};
/* End PBXSourcesBuildPhase section */

/* Begin PBXTargetDependency section */
		4AD4E5A224899D890012EBEF /* PBXTargetDependency */ = {
			isa = PBXTargetDependency;
			target = 4AD4E58924899D860012EBEF /* WeightTracker */;
			targetProxy = 4AD4E5A124899D890012EBEF /* PBXContainerItemProxy */;
		};
		4AD4E5AD24899D890012EBEF /* PBXTargetDependency */ = {
			isa = PBXTargetDependency;
			target = 4AD4E58924899D860012EBEF /* WeightTracker */;
			targetProxy = 4AD4E5AC24899D890012EBEF /* PBXContainerItemProxy */;
		};
/* End PBXTargetDependency section */

/* Begin PBXVariantGroup section */
		4AD4E59324899D860012EBEF /* Main.storyboard */ = {
			isa = PBXVariantGroup;
			children = (
				4AD4E59424899D860012EBEF /* Base */,
			);
			name = Main.storyboard;
			sourceTree = "<group>";
		};
		4AD4E59824899D880012EBEF /* LaunchScreen.storyboard */ = {
			isa = PBXVariantGroup;
			children = (
				4AD4E59924899D880012EBEF /* Base */,
			);
			name = LaunchScreen.storyboard;
			sourceTree = "<group>";
		};
/* End PBXVariantGroup section */

/* Begin XCBuildConfiguration section */
		4AD4E5B224899D890012EBEF /* Debug */ = {
			isa = XCBuildConfiguration;
			buildSettings = {
				ALWAYS_SEARCH_USER_PATHS = NO;
				CLANG_ANALYZER_NONNULL = YES;
				CLANG_ANALYZER_NUMBER_OBJECT_CONVERSION = YES_AGGRESSIVE;
				CLANG_CXX_LANGUAGE_STANDARD = "gnu++14";
				CLANG_CXX_LIBRARY = "libc++";
				CLANG_ENABLE_MODULES = YES;
				CLANG_ENABLE_OBJC_ARC = YES;
				CLANG_ENABLE_OBJC_WEAK = YES;
				CLANG_WARN_BLOCK_CAPTURE_AUTORELEASING = YES;
				CLANG_WARN_BOOL_CONVERSION = YES;
				CLANG_WARN_COMMA = YES;
				CLANG_WARN_CONSTANT_CONVERSION = YES;
				CLANG_WARN_DEPRECATED_OBJC_IMPLEMENTATIONS = YES;
				CLANG_WARN_DIRECT_OBJC_ISA_USAGE = YES_ERROR;
				CLANG_WARN_DOCUMENTATION_COMMENTS = YES;
				CLANG_WARN_EMPTY_BODY = YES;
				CLANG_WARN_ENUM_CONVERSION = YES;
				CLANG_WARN_INFINITE_RECURSION = YES;
				CLANG_WARN_INT_CONVERSION = YES;
				CLANG_WARN_NON_LITERAL_NULL_CONVERSION = YES;
				CLANG_WARN_OBJC_IMPLICIT_RETAIN_SELF = YES;
				CLANG_WARN_OBJC_LITERAL_CONVERSION = YES;
				CLANG_WARN_OBJC_ROOT_CLASS = YES_ERROR;
				CLANG_WARN_RANGE_LOOP_ANALYSIS = YES;
				CLANG_WARN_STRICT_PROTOTYPES = YES;
				CLANG_WARN_SUSPICIOUS_MOVE = YES;
				CLANG_WARN_UNGUARDED_AVAILABILITY = YES_AGGRESSIVE;
				CLANG_WARN_UNREACHABLE_CODE = YES;
				CLANG_WARN__DUPLICATE_METHOD_MATCH = YES;
				COPY_PHASE_STRIP = NO;
				DEBUG_INFORMATION_FORMAT = dwarf;
				ENABLE_STRICT_OBJC_MSGSEND = YES;
				ENABLE_TESTABILITY = YES;
				GCC_C_LANGUAGE_STANDARD = gnu11;
				GCC_DYNAMIC_NO_PIC = NO;
				GCC_NO_COMMON_BLOCKS = YES;
				GCC_OPTIMIZATION_LEVEL = 0;
				GCC_PREPROCESSOR_DEFINITIONS = (
					"DEBUG=1",
					"$(inherited)",
				);
				GCC_WARN_64_TO_32_BIT_CONVERSION = YES;
				GCC_WARN_ABOUT_RETURN_TYPE = YES_ERROR;
				GCC_WARN_UNDECLARED_SELECTOR = YES;
				GCC_WARN_UNINITIALIZED_AUTOS = YES_AGGRESSIVE;
				GCC_WARN_UNUSED_FUNCTION = YES;
				GCC_WARN_UNUSED_VARIABLE = YES;
				IPHONEOS_DEPLOYMENT_TARGET = 13.4;
				MTL_ENABLE_DEBUG_INFO = INCLUDE_SOURCE;
				MTL_FAST_MATH = YES;
				ONLY_ACTIVE_ARCH = YES;
				SDKROOT = iphoneos;
				SWIFT_ACTIVE_COMPILATION_CONDITIONS = DEBUG;
				SWIFT_OPTIMIZATION_LEVEL = "-Onone";
			};
			name = Debug;
		};
		4AD4E5B324899D890012EBEF /* Release */ = {
			isa = XCBuildConfiguration;
			buildSettings = {
				ALWAYS_SEARCH_USER_PATHS = NO;
				CLANG_ANALYZER_NONNULL = YES;
				CLANG_ANALYZER_NUMBER_OBJECT_CONVERSION = YES_AGGRESSIVE;
				CLANG_CXX_LANGUAGE_STANDARD = "gnu++14";
				CLANG_CXX_LIBRARY = "libc++";
				CLANG_ENABLE_MODULES = YES;
				CLANG_ENABLE_OBJC_ARC = YES;
				CLANG_ENABLE_OBJC_WEAK = YES;
				CLANG_WARN_BLOCK_CAPTURE_AUTORELEASING = YES;
				CLANG_WARN_BOOL_CONVERSION = YES;
				CLANG_WARN_COMMA = YES;
				CLANG_WARN_CONSTANT_CONVERSION = YES;
				CLANG_WARN_DEPRECATED_OBJC_IMPLEMENTATIONS = YES;
				CLANG_WARN_DIRECT_OBJC_ISA_USAGE = YES_ERROR;
				CLANG_WARN_DOCUMENTATION_COMMENTS = YES;
				CLANG_WARN_EMPTY_BODY = YES;
				CLANG_WARN_ENUM_CONVERSION = YES;
				CLANG_WARN_INFINITE_RECURSION = YES;
				CLANG_WARN_INT_CONVERSION = YES;
				CLANG_WARN_NON_LITERAL_NULL_CONVERSION = YES;
				CLANG_WARN_OBJC_IMPLICIT_RETAIN_SELF = YES;
				CLANG_WARN_OBJC_LITERAL_CONVERSION = YES;
				CLANG_WARN_OBJC_ROOT_CLASS = YES_ERROR;
				CLANG_WARN_RANGE_LOOP_ANALYSIS = YES;
				CLANG_WARN_STRICT_PROTOTYPES = YES;
				CLANG_WARN_SUSPICIOUS_MOVE = YES;
				CLANG_WARN_UNGUARDED_AVAILABILITY = YES_AGGRESSIVE;
				CLANG_WARN_UNREACHABLE_CODE = YES;
				CLANG_WARN__DUPLICATE_METHOD_MATCH = YES;
				COPY_PHASE_STRIP = NO;
				DEBUG_INFORMATION_FORMAT = "dwarf-with-dsym";
				ENABLE_NS_ASSERTIONS = NO;
				ENABLE_STRICT_OBJC_MSGSEND = YES;
				GCC_C_LANGUAGE_STANDARD = gnu11;
				GCC_NO_COMMON_BLOCKS = YES;
				GCC_WARN_64_TO_32_BIT_CONVERSION = YES;
				GCC_WARN_ABOUT_RETURN_TYPE = YES_ERROR;
				GCC_WARN_UNDECLARED_SELECTOR = YES;
				GCC_WARN_UNINITIALIZED_AUTOS = YES_AGGRESSIVE;
				GCC_WARN_UNUSED_FUNCTION = YES;
				GCC_WARN_UNUSED_VARIABLE = YES;
				IPHONEOS_DEPLOYMENT_TARGET = 13.4;
				MTL_ENABLE_DEBUG_INFO = NO;
				MTL_FAST_MATH = YES;
				SDKROOT = iphoneos;
				SWIFT_COMPILATION_MODE = wholemodule;
				SWIFT_OPTIMIZATION_LEVEL = "-O";
				VALIDATE_PRODUCT = YES;
			};
			name = Release;
		};
		4AD4E5B524899D890012EBEF /* Debug */ = {
			isa = XCBuildConfiguration;
			buildSettings = {
				ASSETCATALOG_COMPILER_APPICON_NAME = AppIcon;
				CODE_SIGN_STYLE = Automatic;
				DEVELOPMENT_TEAM = NQT69ADSBZ;
				INFOPLIST_FILE = WeightTracker/Info.plist;
				LD_RUNPATH_SEARCH_PATHS = (
					"$(inherited)",
					"@executable_path/Frameworks",
				);
				PRODUCT_BUNDLE_IDENTIFIER = com.ceramicapps.WeightTracker;
				PRODUCT_NAME = "$(TARGET_NAME)";
				SWIFT_VERSION = 5.0;
				TARGETED_DEVICE_FAMILY = "1,2";
			};
			name = Debug;
		};
		4AD4E5B624899D890012EBEF /* Release */ = {
			isa = XCBuildConfiguration;
			buildSettings = {
				ASSETCATALOG_COMPILER_APPICON_NAME = AppIcon;
				CODE_SIGN_STYLE = Automatic;
				DEVELOPMENT_TEAM = NQT69ADSBZ;
				INFOPLIST_FILE = WeightTracker/Info.plist;
				LD_RUNPATH_SEARCH_PATHS = (
					"$(inherited)",
					"@executable_path/Frameworks",
				);
				PRODUCT_BUNDLE_IDENTIFIER = com.ceramicapps.WeightTracker;
				PRODUCT_NAME = "$(TARGET_NAME)";
				SWIFT_VERSION = 5.0;
				TARGETED_DEVICE_FAMILY = "1,2";
			};
			name = Release;
		};
		4AD4E5B824899D890012EBEF /* Debug */ = {
			isa = XCBuildConfiguration;
			buildSettings = {
				ALWAYS_EMBED_SWIFT_STANDARD_LIBRARIES = YES;
				BUNDLE_LOADER = "$(TEST_HOST)";
				CODE_SIGN_STYLE = Automatic;
				DEVELOPMENT_TEAM = NQT69ADSBZ;
				INFOPLIST_FILE = WeightTrackerTests/Info.plist;
				IPHONEOS_DEPLOYMENT_TARGET = 13.4;
				LD_RUNPATH_SEARCH_PATHS = (
					"$(inherited)",
					"@executable_path/Frameworks",
					"@loader_path/Frameworks",
				);
				PRODUCT_BUNDLE_IDENTIFIER = com.ceramicapps.WeightTrackerTests;
				PRODUCT_NAME = "$(TARGET_NAME)";
				SWIFT_VERSION = 5.0;
				TARGETED_DEVICE_FAMILY = "1,2";
				TEST_HOST = "$(BUILT_PRODUCTS_DIR)/WeightTracker.app/WeightTracker";
			};
			name = Debug;
		};
		4AD4E5B924899D890012EBEF /* Release */ = {
			isa = XCBuildConfiguration;
			buildSettings = {
				ALWAYS_EMBED_SWIFT_STANDARD_LIBRARIES = YES;
				BUNDLE_LOADER = "$(TEST_HOST)";
				CODE_SIGN_STYLE = Automatic;
				DEVELOPMENT_TEAM = NQT69ADSBZ;
				INFOPLIST_FILE = WeightTrackerTests/Info.plist;
				IPHONEOS_DEPLOYMENT_TARGET = 13.4;
				LD_RUNPATH_SEARCH_PATHS = (
					"$(inherited)",
					"@executable_path/Frameworks",
					"@loader_path/Frameworks",
				);
				PRODUCT_BUNDLE_IDENTIFIER = com.ceramicapps.WeightTrackerTests;
				PRODUCT_NAME = "$(TARGET_NAME)";
				SWIFT_VERSION = 5.0;
				TARGETED_DEVICE_FAMILY = "1,2";
				TEST_HOST = "$(BUILT_PRODUCTS_DIR)/WeightTracker.app/WeightTracker";
			};
			name = Release;
		};
		4AD4E5BB24899D890012EBEF /* Debug */ = {
			isa = XCBuildConfiguration;
			buildSettings = {
				ALWAYS_EMBED_SWIFT_STANDARD_LIBRARIES = YES;
				CODE_SIGN_STYLE = Automatic;
				DEVELOPMENT_TEAM = NQT69ADSBZ;
				INFOPLIST_FILE = WeightTrackerUITests/Info.plist;
				LD_RUNPATH_SEARCH_PATHS = (
					"$(inherited)",
					"@executable_path/Frameworks",
					"@loader_path/Frameworks",
				);
				PRODUCT_BUNDLE_IDENTIFIER = com.ceramicapps.WeightTrackerUITests;
				PRODUCT_NAME = "$(TARGET_NAME)";
				SWIFT_VERSION = 5.0;
				TARGETED_DEVICE_FAMILY = "1,2";
				TEST_TARGET_NAME = WeightTracker;
			};
			name = Debug;
		};
		4AD4E5BC24899D890012EBEF /* Release */ = {
			isa = XCBuildConfiguration;
			buildSettings = {
				ALWAYS_EMBED_SWIFT_STANDARD_LIBRARIES = YES;
				CODE_SIGN_STYLE = Automatic;
				DEVELOPMENT_TEAM = NQT69ADSBZ;
				INFOPLIST_FILE = WeightTrackerUITests/Info.plist;
				LD_RUNPATH_SEARCH_PATHS = (
					"$(inherited)",
					"@executable_path/Frameworks",
					"@loader_path/Frameworks",
				);
				PRODUCT_BUNDLE_IDENTIFIER = com.ceramicapps.WeightTrackerUITests;
				PRODUCT_NAME = "$(TARGET_NAME)";
				SWIFT_VERSION = 5.0;
				TARGETED_DEVICE_FAMILY = "1,2";
				TEST_TARGET_NAME = WeightTracker;
			};
			name = Release;
		};
/* End XCBuildConfiguration section */

/* Begin XCConfigurationList section */
		4AD4E58524899D860012EBEF /* Build configuration list for PBXProject "WeightTracker" */ = {
			isa = XCConfigurationList;
			buildConfigurations = (
				4AD4E5B224899D890012EBEF /* Debug */,
				4AD4E5B324899D890012EBEF /* Release */,
			);
			defaultConfigurationIsVisible = 0;
			defaultConfigurationName = Release;
		};
		4AD4E5B424899D890012EBEF /* Build configuration list for PBXNativeTarget "WeightTracker" */ = {
			isa = XCConfigurationList;
			buildConfigurations = (
				4AD4E5B524899D890012EBEF /* Debug */,
				4AD4E5B624899D890012EBEF /* Release */,
			);
			defaultConfigurationIsVisible = 0;
			defaultConfigurationName = Release;
		};
		4AD4E5B724899D890012EBEF /* Build configuration list for PBXNativeTarget "WeightTrackerTests" */ = {
			isa = XCConfigurationList;
			buildConfigurations = (
				4AD4E5B824899D890012EBEF /* Debug */,
				4AD4E5B924899D890012EBEF /* Release */,
			);
			defaultConfigurationIsVisible = 0;
			defaultConfigurationName = Release;
		};
		4AD4E5BA24899D890012EBEF /* Build configuration list for PBXNativeTarget "WeightTrackerUITests" */ = {
			isa = XCConfigurationList;
			buildConfigurations = (
				4AD4E5BB24899D890012EBEF /* Debug */,
				4AD4E5BC24899D890012EBEF /* Release */,
			);
			defaultConfigurationIsVisible = 0;
			defaultConfigurationName = Release;
		};
/* End XCConfigurationList section */
	};
	rootObject = 4AD4E58224899D860012EBEF /* Project object */;
}
